schema: '2.0'
stages:
  load_data:
    cmd: python src/load_data.py --config=params.yaml
    deps:
    - path: data_given/winequality.csv
      md5: ccc8d3507eb151f53f760d36abdef888
      size: 91998
    - path: src/get_data.py
      md5: 43bfdaf7d7d3cf8e7c7c43c93edcc29a
      size: 919
    - path: src/load_data.py
      md5: 7862a0f35ce52b4cd2c5064a7f49c78a
      size: 759
    outs:
    - path: data/raw/winequality.csv
      md5: d98e8f2eca228c11c4de1cc96866a54d
      size: 93598
  split_data:
    cmd: python src/split_data.py --config=params.yaml
    deps:
    - path: data/raw/winequality.csv
      md5: d98e8f2eca228c11c4de1cc96866a54d
      size: 93598
    - path: src/split_data.py
      md5: 8246f874b3287cf325b4d1062c3d5a86
      size: 1153
    outs:
    - path: data/processed/test_winequality.csv
      md5: 61c8795e355c18440d7bbaae25c0a4fb
      size: 20213
    - path: data/processed/train_winequality.csv
      md5: f2aa3bd0c97468b7110f957a1ed59f54
      size: 80418
  train_and_evaluate:
    cmd: python src/train_and_evaluate.py --config=params.yaml
    deps:
    - path: data/processed/test_winequality.csv
      md5: 61c8795e355c18440d7bbaae25c0a4fb
      size: 20213
    - path: data/processed/train_winequality.csv
      md5: f2aa3bd0c97468b7110f957a1ed59f54
      size: 80418
    - path: src/train_and_evaluate.py
      md5: a83d675c25ab27419ce8a9466b0a5cd9
      size: 2619
    params:
      params.yaml:
        estimators.ElasticNet.params.alpha: 0.88
        estimators.ElasticNet.params.l1_ratio: 0.9
    outs:
    - path: report/params.json
      md5: 0b3736db41a370b73e40d3d3bac568e3
      size: 45
    - path: report/scores.json
      md5: 355eb6abca084c62ae6a414f1ff237d1
      size: 101
    - path: saved_models/model.joblib
      md5: b5ede4b233231c4bbf7fb4f9616aedca
      size: 1393
